
Microsoft Visual Studio Solution File, Format Version 12.00
# Visual Studio Version 17
VisualStudioVersion = 17.7.34024.191
MinimumVisualStudioVersion = 10.0.40219.1
Project("{9A19103F-16F7-4668-BE54-9A1E7A4F7556}") = "Changing letters", "Changing letters\Changing letters.csproj", "{1DDDFE9F-84F5-4F12-BFB8-31DC7C99718E}"
EndProject
Project("{9A19103F-16F7-4668-BE54-9A1E7A4F7556}") = "Check the exam", "Check the exam\Check the exam.csproj", "{980AD2C4-0C19-4EF8-913A-3B7FDDCA2149}"
EndProject
Project("{9A19103F-16F7-4668-BE54-9A1E7A4F7556}") = "Disemvowel Trolls", "Disemvowel Trolls\Disemvowel Trolls.csproj", "{F91FB66E-9868-423F-BE07-7955C49B735F}"
EndProject
Project("{9A19103F-16F7-4668-BE54-9A1E7A4F7556}") = "Easy wallpaper", "Easy wallpaper\Easy wallpaper.csproj", "{7FCF2595-EDE5-4D77-B7B9-E7E4959A7E89}"
EndProject
Project("{9A19103F-16F7-4668-BE54-9A1E7A4F7556}") = "Find the capitals", "Find the capitals\Find the capitals.csproj", "{3342C288-0DCE-4162-BFAC-C29B729EF4D4}"
EndProject
Project("{9A19103F-16F7-4668-BE54-9A1E7A4F7556}") = "Get the Middle Character", "Get the Middle Character\Get the Middle Character.csproj", "{764F046B-F2FF-4208-AAA0-65658A26F5C7}"
EndProject
Project("{9A19103F-16F7-4668-BE54-9A1E7A4F7556}") = "Insert dashes", "Insert dashes\Insert dashes.csproj", "{E65610E8-ED5C-4F85-BB87-071B099FB521}"
EndProject
Project("{9A19103F-16F7-4668-BE54-9A1E7A4F7556}") = "Is this a triangle", "Is this a triangle\Is this a triangle.csproj", "{2FB01EA8-F5C6-4784-8F22-82AF0981165E}"
EndProject
Project("{9A19103F-16F7-4668-BE54-9A1E7A4F7556}") = "Isograms", "Isograms\Isograms.csproj", "{80A01642-AF52-48F0-8231-8D5C67BDB02C}"
EndProject
Project("{9A19103F-16F7-4668-BE54-9A1E7A4F7556}") = "Latin Squares", "Latin Squares\Latin Squares.csproj", "{4E6C8E27-BA1E-4298-9E7D-30E5DA54171A}"
EndProject
Project("{9A19103F-16F7-4668-BE54-9A1E7A4F7556}") = "Length and two values", "Length and two values\Length and two values.csproj", "{D7D79A34-51D3-4920-8B09-EA0BCDDCAE1C}"
EndProject
Project("{9A19103F-16F7-4668-BE54-9A1E7A4F7556}") = "Make a function that does arithmetic", "Make a function that does arithmetic\Make a function that does arithmetic.csproj", "{6D93B2F3-08F5-4DCD-9DEB-95EDC21CE36F}"
EndProject
Project("{9A19103F-16F7-4668-BE54-9A1E7A4F7556}") = "Ones and Zeros", "Ones and Zeros\Ones and Zeros.csproj", "{4AC6502A-159B-4D24-BE93-C2B9097BE8E5}"
EndProject
Project("{9A19103F-16F7-4668-BE54-9A1E7A4F7556}") = "Regex validate PIN code", "Regex validate PIN code\Regex validate PIN code.csproj", "{53983564-6C51-4AE0-BBE7-C3B803F3472C}"
EndProject
Project("{9A19103F-16F7-4668-BE54-9A1E7A4F7556}") = "Remove the minimum", "Remove the minimum\Remove the minimum.csproj", "{959AC743-F12A-46A6-B760-3C026349848F}"
EndProject
Project("{9A19103F-16F7-4668-BE54-9A1E7A4F7556}") = "Sort Numbers", "Sort Numbers\Sort Numbers.csproj", "{C988BB99-5A15-45C7-ADC2-7B84D39CCFC3}"
EndProject
Project("{9A19103F-16F7-4668-BE54-9A1E7A4F7556}") = "Sum of a sequence", "Sum of a sequence\Sum of a sequence.csproj", "{B8EBDD8C-04CA-44F0-A7B4-4309BBCBC065}"
EndProject
Project("{9A19103F-16F7-4668-BE54-9A1E7A4F7556}") = "Sum of Minimums", "Sum of Minimums\Sum of Minimums.csproj", "{F99815F9-16C4-43C1-B701-B5C5688ACBBE}"
EndProject
Project("{9A19103F-16F7-4668-BE54-9A1E7A4F7556}") = "Sum of two lowest positive integers", "Sum of two lowest positive integers\Sum of two lowest positive integers.csproj", "{6301E850-38C5-44BE-B51C-968FC6428B5C}"
EndProject
Project("{9A19103F-16F7-4668-BE54-9A1E7A4F7556}") = "The Coupon Code", "The Coupon Code\The Coupon Code.csproj", "{56F0AA8C-AA37-4FAA-9AA9-37396062DB80}"
EndProject
Project("{9A19103F-16F7-4668-BE54-9A1E7A4F7556}") = "The highest profit wins", "The highest profit wins\The highest profit wins.csproj", "{71DD706B-A941-4C60-A694-B72CA0DAF70C}"
EndProject
Project("{9A19103F-16F7-4668-BE54-9A1E7A4F7556}") = "Two to One", "Two to One\Two to One.csproj", "{83173137-8CE5-4A71-826A-36B43C42D362}"
EndProject
Project("{9A19103F-16F7-4668-BE54-9A1E7A4F7556}") = "Friend or Foe", "Friend or Foe\Friend or Foe.csproj", "{A4D83E8B-CBF1-4101-88ED-12DD035D5A39}"
EndProject
Project("{9A19103F-16F7-4668-BE54-9A1E7A4F7556}") = "Return substring instance count", "Return substring instance count\Return substring instance count.csproj", "{7DEDE44B-63B3-4FBF-97A5-B3D85AF85F92}"
EndProject
Project("{9A19103F-16F7-4668-BE54-9A1E7A4F7556}") = "Is n divisible by", "Is n divisible by\Is n divisible by.csproj", "{283BD2C6-0607-4679-809B-4D77E842C5B6}"
EndProject
Project("{9A19103F-16F7-4668-BE54-9A1E7A4F7556}") = "Area of a Circle", "Area of a Circle\Area of a Circle.csproj", "{D45BFDD5-FB91-4746-B6DC-8AB184042036}"
EndProject
Project("{9A19103F-16F7-4668-BE54-9A1E7A4F7556}") = "Count the Ones", "Count the Ones\Count the Ones.csproj", "{41984A2E-BC5C-4D35-84A2-33F39C8CDD60}"
EndProject
Project("{9A19103F-16F7-4668-BE54-9A1E7A4F7556}") = "Over The Road", "Over The Road\Over The Road.csproj", "{3F6716F0-5E16-408C-8D0E-40EAF8CF928B}"
EndProject
Project("{9A19103F-16F7-4668-BE54-9A1E7A4F7556}") = "Tail Swap", "Tail Swap\Tail Swap.csproj", "{24DEFE50-0922-4C21-AEF3-9AEF12E538EF}"
EndProject
Project("{9A19103F-16F7-4668-BE54-9A1E7A4F7556}") = "Trimming a string", "Trimming a string\Trimming a string.csproj", "{4FCFB0D3-7395-47E6-AF1A-873AA9B681BF}"
EndProject
Project("{9A19103F-16F7-4668-BE54-9A1E7A4F7556}") = "Filter the number", "Filter the number\Filter the number.csproj", "{88BCFC78-A02B-47D8-8FD7-8721F9D652BD}"
EndProject
Project("{9A19103F-16F7-4668-BE54-9A1E7A4F7556}") = "Selective fear of numbers", "Selective fear of numbers\Selective fear of numbers.csproj", "{132027B8-2EFB-46F5-9183-7F3EB753FA53}"
EndProject
Project("{9A19103F-16F7-4668-BE54-9A1E7A4F7556}") = "Two numbers are positive", "Two numbers are positive\Two numbers are positive.csproj", "{C37ED73C-ED85-4ADD-B8C8-88B1843FB052}"
EndProject
Project("{9A19103F-16F7-4668-BE54-9A1E7A4F7556}") = "Vowel Count", "Vowel Count\Vowel Count.csproj", "{185E0EA2-4437-40B3-B36B-2C8B480EDCB2}"
EndProject
Project("{9A19103F-16F7-4668-BE54-9A1E7A4F7556}") = "Is valid identifier", "Is valid identifier\Is valid identifier.csproj", "{C5B32E26-B93A-4E07-81BC-D41A17D11ECA}"
EndProject
Project("{9A19103F-16F7-4668-BE54-9A1E7A4F7556}") = "JavaScript Array Filter", "JavaScript Array Filter\JavaScript Array Filter.csproj", "{709BBD75-0914-453A-96C2-44A36E540B78}"
EndProject
Project("{9A19103F-16F7-4668-BE54-9A1E7A4F7556}") = "Sum of integers in string", "Sum of integers in string\Sum of integers in string.csproj", "{D5E51244-0DCD-415E-AC5C-29A792A5E071}"
EndProject
Project("{9A19103F-16F7-4668-BE54-9A1E7A4F7556}") = "Elevator Distance", "Elevator Distance\Elevator Distance.csproj", "{5D755322-4AD4-470D-A6E2-6DF472122085}"
EndProject
Project("{9A19103F-16F7-4668-BE54-9A1E7A4F7556}") = "Sum a list but ignore any duplicates", "Sum a list but ignore any duplicates\Sum a list but ignore any duplicates.csproj", "{1FE089AB-B67A-428A-8878-5CE0A1759202}"
EndProject
Project("{9A19103F-16F7-4668-BE54-9A1E7A4F7556}") = "Converting 12-hour time to 24-hour time", "Converting 12-hour time to 24-hour time\Converting 12-hour time to 24-hour time.csproj", "{9551D556-3DD0-4FBC-A8E7-532BD82A88FA}"
EndProject
Project("{9A19103F-16F7-4668-BE54-9A1E7A4F7556}") = "String ends with", "String ends with\String ends with.csproj", "{A87179EA-B91C-4401-9D27-9A2431F633D4}"
EndProject
Project("{9A19103F-16F7-4668-BE54-9A1E7A4F7556}") = "Elapsed Seconds", "Elapsed Seconds\Elapsed Seconds.csproj", "{B769D029-6C58-443D-B5FC-C70B9918D6A5}"
EndProject
Project("{9A19103F-16F7-4668-BE54-9A1E7A4F7556}") = "Deodorant Evaporator", "Deodorant Evaporator\Deodorant Evaporator.csproj", "{33EC479A-A7E2-4006-AF70-69466F35F92B}"
EndProject
Project("{9A19103F-16F7-4668-BE54-9A1E7A4F7556}") = "Number of Decimal Digits", "Number of Decimal Digits\Number of Decimal Digits.csproj", "{B6413644-A3EB-467E-A641-0ECF46D77584}"
EndProject
Project("{9A19103F-16F7-4668-BE54-9A1E7A4F7556}") = "Odd or Even", "Odd or Even\Odd or Even.csproj", "{01719C0C-F997-4545-B999-57F51358D4A5}"
EndProject
Project("{9A19103F-16F7-4668-BE54-9A1E7A4F7556}") = "Float Precision", "Float Precision\Float Precision.csproj", "{C74074FA-DB66-4EB1-88EA-DBFDF376D75A}"
EndProject
Project("{9A19103F-16F7-4668-BE54-9A1E7A4F7556}") = "Numbers in strings", "Numbers in strings\Numbers in strings.csproj", "{4B0A4E09-800F-40BC-AAD3-E4012BCCEE43}"
EndProject
Project("{9A19103F-16F7-4668-BE54-9A1E7A4F7556}") = "Determine if the poker hand is flush", "Determine if the poker hand is flush\Determine if the poker hand is flush.csproj", "{0F6C386C-FD56-4921-B4B1-E575A8DA1E67}"
EndProject
Project("{9A19103F-16F7-4668-BE54-9A1E7A4F7556}") = "Check three and two", "Check three and two\Check three and two.csproj", "{2A8E0CB2-7414-41AB-89E3-29906C85071D}"
EndProject
Project("{9A19103F-16F7-4668-BE54-9A1E7A4F7556}") = "Number Pairs", "Number Pairs\Number Pairs.csproj", "{4411A211-4552-413F-AB54-B8B94A2135C0}"
EndProject
Project("{9A19103F-16F7-4668-BE54-9A1E7A4F7556}") = "Simple beads count", "Simple beads count\Simple beads count.csproj", "{3E557558-F7EB-47EA-9213-BCDCEDA4355E}"
EndProject
Project("{9A19103F-16F7-4668-BE54-9A1E7A4F7556}") = "Excel sheet column numbers", "Excel sheet column numbers\Excel sheet column numbers.csproj", "{579AC089-6B65-4270-AE93-4D30F05661EB}"
EndProject
Project("{9A19103F-16F7-4668-BE54-9A1E7A4F7556}") = "Consecutive letters", "Consecutive letters\Consecutive letters.csproj", "{2981E003-DF12-4FB4-ABE8-1DA2A96F15FE}"
EndProject
Project("{9A19103F-16F7-4668-BE54-9A1E7A4F7556}") = "No oddities here", "No oddities here\No oddities here.csproj", "{4741624E-AE7B-405E-8DC0-EA80C13CB483}"
EndProject
Project("{9A19103F-16F7-4668-BE54-9A1E7A4F7556}") = "Simple remove duplicates", "Simple remove duplicates\Simple remove duplicates.csproj", "{7C5B327C-C915-46A5-A48F-1A97741C6025}"
EndProject
Project("{9A19103F-16F7-4668-BE54-9A1E7A4F7556}") = "Cartesian neighbors", "Cartesian neighbors\Cartesian neighbors.csproj", "{6F273E7E-0204-441F-AA30-2B696B22D1A2}"
EndProject
Project("{9A19103F-16F7-4668-BE54-9A1E7A4F7556}") = "Simple Fun 176 Reverse Letter", "Simple Fun 176 Reverse Letter\Simple Fun 176 Reverse Letter.csproj", "{0B4C87CD-FE16-4BE9-B924-9BE27867F89A}"
EndProject
Project("{9A19103F-16F7-4668-BE54-9A1E7A4F7556}") = "Compare Strings by Sum of Chars", "Compare Strings by Sum of Chars\Compare Strings by Sum of Chars.csproj", "{965A1EE4-6438-4B2F-96C5-F76B829ACFFD}"
EndProject
Project("{9A19103F-16F7-4668-BE54-9A1E7A4F7556}") = "Find The Duplicated Number in a Consecutive Unsorted List", "Find The Duplicated Number in a Consecutive Unsorted List\Find The Duplicated Number in a Consecutive Unsorted List.csproj", "{9C820C2A-469B-41F6-A3DD-1881D67931F3}"
EndProject
Project("{9A19103F-16F7-4668-BE54-9A1E7A4F7556}") = "Leap Years", "Leap Years\Leap Years.csproj", "{FB4E6EE1-D32C-4F1A-ADF9-38121E55DECB}"
EndProject
Project("{9A19103F-16F7-4668-BE54-9A1E7A4F7556}") = "Closest to Zero", "Closest to Zero\Closest to Zero.csproj", "{F93C3B96-301F-4C28-A6C9-0D7373D35E89}"
EndProject
Project("{9A19103F-16F7-4668-BE54-9A1E7A4F7556}") = "Lost number in number sequence", "Lost number in number sequence\Lost number in number sequence.csproj", "{79CC4BA1-32F0-474A-A078-6871B33977E7}"
EndProject
Project("{9A19103F-16F7-4668-BE54-9A1E7A4F7556}") = "Alternate capitalization", "Alternate capitalization\Alternate capitalization.csproj", "{E0C1BFB0-2869-45F0-BB9D-6DC9285708AD}"
EndProject
Project("{FAE04EC0-301F-11D3-BF4B-00C04F79EFBC}") = "Get the mean of an array", "Get the mean of an array\Get the mean of an array.csproj", "{095181FF-9C4E-4528-A676-F4129D3F55FC}"
EndProject
Global
	GlobalSection(SolutionConfigurationPlatforms) = preSolution
		Debug|Any CPU = Debug|Any CPU
		Release|Any CPU = Release|Any CPU
	EndGlobalSection
	GlobalSection(ProjectConfigurationPlatforms) = postSolution
		{1DDDFE9F-84F5-4F12-BFB8-31DC7C99718E}.Debug|Any CPU.ActiveCfg = Debug|Any CPU
		{1DDDFE9F-84F5-4F12-BFB8-31DC7C99718E}.Debug|Any CPU.Build.0 = Debug|Any CPU
		{1DDDFE9F-84F5-4F12-BFB8-31DC7C99718E}.Release|Any CPU.ActiveCfg = Release|Any CPU
		{1DDDFE9F-84F5-4F12-BFB8-31DC7C99718E}.Release|Any CPU.Build.0 = Release|Any CPU
		{980AD2C4-0C19-4EF8-913A-3B7FDDCA2149}.Debug|Any CPU.ActiveCfg = Debug|Any CPU
		{980AD2C4-0C19-4EF8-913A-3B7FDDCA2149}.Debug|Any CPU.Build.0 = Debug|Any CPU
		{980AD2C4-0C19-4EF8-913A-3B7FDDCA2149}.Release|Any CPU.ActiveCfg = Release|Any CPU
		{980AD2C4-0C19-4EF8-913A-3B7FDDCA2149}.Release|Any CPU.Build.0 = Release|Any CPU
		{F91FB66E-9868-423F-BE07-7955C49B735F}.Debug|Any CPU.ActiveCfg = Debug|Any CPU
		{F91FB66E-9868-423F-BE07-7955C49B735F}.Debug|Any CPU.Build.0 = Debug|Any CPU
		{F91FB66E-9868-423F-BE07-7955C49B735F}.Release|Any CPU.ActiveCfg = Release|Any CPU
		{F91FB66E-9868-423F-BE07-7955C49B735F}.Release|Any CPU.Build.0 = Release|Any CPU
		{7FCF2595-EDE5-4D77-B7B9-E7E4959A7E89}.Debug|Any CPU.ActiveCfg = Debug|Any CPU
		{7FCF2595-EDE5-4D77-B7B9-E7E4959A7E89}.Debug|Any CPU.Build.0 = Debug|Any CPU
		{7FCF2595-EDE5-4D77-B7B9-E7E4959A7E89}.Release|Any CPU.ActiveCfg = Release|Any CPU
		{7FCF2595-EDE5-4D77-B7B9-E7E4959A7E89}.Release|Any CPU.Build.0 = Release|Any CPU
		{3342C288-0DCE-4162-BFAC-C29B729EF4D4}.Debug|Any CPU.ActiveCfg = Debug|Any CPU
		{3342C288-0DCE-4162-BFAC-C29B729EF4D4}.Debug|Any CPU.Build.0 = Debug|Any CPU
		{3342C288-0DCE-4162-BFAC-C29B729EF4D4}.Release|Any CPU.ActiveCfg = Release|Any CPU
		{3342C288-0DCE-4162-BFAC-C29B729EF4D4}.Release|Any CPU.Build.0 = Release|Any CPU
		{764F046B-F2FF-4208-AAA0-65658A26F5C7}.Debug|Any CPU.ActiveCfg = Debug|Any CPU
		{764F046B-F2FF-4208-AAA0-65658A26F5C7}.Debug|Any CPU.Build.0 = Debug|Any CPU
		{764F046B-F2FF-4208-AAA0-65658A26F5C7}.Release|Any CPU.ActiveCfg = Release|Any CPU
		{764F046B-F2FF-4208-AAA0-65658A26F5C7}.Release|Any CPU.Build.0 = Release|Any CPU
		{E65610E8-ED5C-4F85-BB87-071B099FB521}.Debug|Any CPU.ActiveCfg = Debug|Any CPU
		{E65610E8-ED5C-4F85-BB87-071B099FB521}.Debug|Any CPU.Build.0 = Debug|Any CPU
		{E65610E8-ED5C-4F85-BB87-071B099FB521}.Release|Any CPU.ActiveCfg = Release|Any CPU
		{E65610E8-ED5C-4F85-BB87-071B099FB521}.Release|Any CPU.Build.0 = Release|Any CPU
		{2FB01EA8-F5C6-4784-8F22-82AF0981165E}.Debug|Any CPU.ActiveCfg = Debug|Any CPU
		{2FB01EA8-F5C6-4784-8F22-82AF0981165E}.Debug|Any CPU.Build.0 = Debug|Any CPU
		{2FB01EA8-F5C6-4784-8F22-82AF0981165E}.Release|Any CPU.ActiveCfg = Release|Any CPU
		{2FB01EA8-F5C6-4784-8F22-82AF0981165E}.Release|Any CPU.Build.0 = Release|Any CPU
		{80A01642-AF52-48F0-8231-8D5C67BDB02C}.Debug|Any CPU.ActiveCfg = Debug|Any CPU
		{80A01642-AF52-48F0-8231-8D5C67BDB02C}.Debug|Any CPU.Build.0 = Debug|Any CPU
		{80A01642-AF52-48F0-8231-8D5C67BDB02C}.Release|Any CPU.ActiveCfg = Release|Any CPU
		{80A01642-AF52-48F0-8231-8D5C67BDB02C}.Release|Any CPU.Build.0 = Release|Any CPU
		{4E6C8E27-BA1E-4298-9E7D-30E5DA54171A}.Debug|Any CPU.ActiveCfg = Debug|Any CPU
		{4E6C8E27-BA1E-4298-9E7D-30E5DA54171A}.Debug|Any CPU.Build.0 = Debug|Any CPU
		{4E6C8E27-BA1E-4298-9E7D-30E5DA54171A}.Release|Any CPU.ActiveCfg = Release|Any CPU
		{4E6C8E27-BA1E-4298-9E7D-30E5DA54171A}.Release|Any CPU.Build.0 = Release|Any CPU
		{D7D79A34-51D3-4920-8B09-EA0BCDDCAE1C}.Debug|Any CPU.ActiveCfg = Debug|Any CPU
		{D7D79A34-51D3-4920-8B09-EA0BCDDCAE1C}.Debug|Any CPU.Build.0 = Debug|Any CPU
		{D7D79A34-51D3-4920-8B09-EA0BCDDCAE1C}.Release|Any CPU.ActiveCfg = Release|Any CPU
		{D7D79A34-51D3-4920-8B09-EA0BCDDCAE1C}.Release|Any CPU.Build.0 = Release|Any CPU
		{6D93B2F3-08F5-4DCD-9DEB-95EDC21CE36F}.Debug|Any CPU.ActiveCfg = Debug|Any CPU
		{6D93B2F3-08F5-4DCD-9DEB-95EDC21CE36F}.Debug|Any CPU.Build.0 = Debug|Any CPU
		{6D93B2F3-08F5-4DCD-9DEB-95EDC21CE36F}.Release|Any CPU.ActiveCfg = Release|Any CPU
		{6D93B2F3-08F5-4DCD-9DEB-95EDC21CE36F}.Release|Any CPU.Build.0 = Release|Any CPU
		{4AC6502A-159B-4D24-BE93-C2B9097BE8E5}.Debug|Any CPU.ActiveCfg = Debug|Any CPU
		{4AC6502A-159B-4D24-BE93-C2B9097BE8E5}.Debug|Any CPU.Build.0 = Debug|Any CPU
		{4AC6502A-159B-4D24-BE93-C2B9097BE8E5}.Release|Any CPU.ActiveCfg = Release|Any CPU
		{4AC6502A-159B-4D24-BE93-C2B9097BE8E5}.Release|Any CPU.Build.0 = Release|Any CPU
		{53983564-6C51-4AE0-BBE7-C3B803F3472C}.Debug|Any CPU.ActiveCfg = Debug|Any CPU
		{53983564-6C51-4AE0-BBE7-C3B803F3472C}.Debug|Any CPU.Build.0 = Debug|Any CPU
		{53983564-6C51-4AE0-BBE7-C3B803F3472C}.Release|Any CPU.ActiveCfg = Release|Any CPU
		{53983564-6C51-4AE0-BBE7-C3B803F3472C}.Release|Any CPU.Build.0 = Release|Any CPU
		{959AC743-F12A-46A6-B760-3C026349848F}.Debug|Any CPU.ActiveCfg = Debug|Any CPU
		{959AC743-F12A-46A6-B760-3C026349848F}.Debug|Any CPU.Build.0 = Debug|Any CPU
		{959AC743-F12A-46A6-B760-3C026349848F}.Release|Any CPU.ActiveCfg = Release|Any CPU
		{959AC743-F12A-46A6-B760-3C026349848F}.Release|Any CPU.Build.0 = Release|Any CPU
		{C988BB99-5A15-45C7-ADC2-7B84D39CCFC3}.Debug|Any CPU.ActiveCfg = Debug|Any CPU
		{C988BB99-5A15-45C7-ADC2-7B84D39CCFC3}.Debug|Any CPU.Build.0 = Debug|Any CPU
		{C988BB99-5A15-45C7-ADC2-7B84D39CCFC3}.Release|Any CPU.ActiveCfg = Release|Any CPU
		{C988BB99-5A15-45C7-ADC2-7B84D39CCFC3}.Release|Any CPU.Build.0 = Release|Any CPU
		{B8EBDD8C-04CA-44F0-A7B4-4309BBCBC065}.Debug|Any CPU.ActiveCfg = Debug|Any CPU
		{B8EBDD8C-04CA-44F0-A7B4-4309BBCBC065}.Debug|Any CPU.Build.0 = Debug|Any CPU
		{B8EBDD8C-04CA-44F0-A7B4-4309BBCBC065}.Release|Any CPU.ActiveCfg = Release|Any CPU
		{B8EBDD8C-04CA-44F0-A7B4-4309BBCBC065}.Release|Any CPU.Build.0 = Release|Any CPU
		{F99815F9-16C4-43C1-B701-B5C5688ACBBE}.Debug|Any CPU.ActiveCfg = Debug|Any CPU
		{F99815F9-16C4-43C1-B701-B5C5688ACBBE}.Debug|Any CPU.Build.0 = Debug|Any CPU
		{F99815F9-16C4-43C1-B701-B5C5688ACBBE}.Release|Any CPU.ActiveCfg = Release|Any CPU
		{F99815F9-16C4-43C1-B701-B5C5688ACBBE}.Release|Any CPU.Build.0 = Release|Any CPU
		{6301E850-38C5-44BE-B51C-968FC6428B5C}.Debug|Any CPU.ActiveCfg = Debug|Any CPU
		{6301E850-38C5-44BE-B51C-968FC6428B5C}.Debug|Any CPU.Build.0 = Debug|Any CPU
		{6301E850-38C5-44BE-B51C-968FC6428B5C}.Release|Any CPU.ActiveCfg = Release|Any CPU
		{6301E850-38C5-44BE-B51C-968FC6428B5C}.Release|Any CPU.Build.0 = Release|Any CPU
		{56F0AA8C-AA37-4FAA-9AA9-37396062DB80}.Debug|Any CPU.ActiveCfg = Debug|Any CPU
		{56F0AA8C-AA37-4FAA-9AA9-37396062DB80}.Debug|Any CPU.Build.0 = Debug|Any CPU
		{56F0AA8C-AA37-4FAA-9AA9-37396062DB80}.Release|Any CPU.ActiveCfg = Release|Any CPU
		{56F0AA8C-AA37-4FAA-9AA9-37396062DB80}.Release|Any CPU.Build.0 = Release|Any CPU
		{71DD706B-A941-4C60-A694-B72CA0DAF70C}.Debug|Any CPU.ActiveCfg = Debug|Any CPU
		{71DD706B-A941-4C60-A694-B72CA0DAF70C}.Debug|Any CPU.Build.0 = Debug|Any CPU
		{71DD706B-A941-4C60-A694-B72CA0DAF70C}.Release|Any CPU.ActiveCfg = Release|Any CPU
		{71DD706B-A941-4C60-A694-B72CA0DAF70C}.Release|Any CPU.Build.0 = Release|Any CPU
		{83173137-8CE5-4A71-826A-36B43C42D362}.Debug|Any CPU.ActiveCfg = Debug|Any CPU
		{83173137-8CE5-4A71-826A-36B43C42D362}.Debug|Any CPU.Build.0 = Debug|Any CPU
		{83173137-8CE5-4A71-826A-36B43C42D362}.Release|Any CPU.ActiveCfg = Release|Any CPU
		{83173137-8CE5-4A71-826A-36B43C42D362}.Release|Any CPU.Build.0 = Release|Any CPU
		{A4D83E8B-CBF1-4101-88ED-12DD035D5A39}.Debug|Any CPU.ActiveCfg = Debug|Any CPU
		{A4D83E8B-CBF1-4101-88ED-12DD035D5A39}.Debug|Any CPU.Build.0 = Debug|Any CPU
		{A4D83E8B-CBF1-4101-88ED-12DD035D5A39}.Release|Any CPU.ActiveCfg = Release|Any CPU
		{A4D83E8B-CBF1-4101-88ED-12DD035D5A39}.Release|Any CPU.Build.0 = Release|Any CPU
		{7DEDE44B-63B3-4FBF-97A5-B3D85AF85F92}.Debug|Any CPU.ActiveCfg = Debug|Any CPU
		{7DEDE44B-63B3-4FBF-97A5-B3D85AF85F92}.Debug|Any CPU.Build.0 = Debug|Any CPU
		{7DEDE44B-63B3-4FBF-97A5-B3D85AF85F92}.Release|Any CPU.ActiveCfg = Release|Any CPU
		{7DEDE44B-63B3-4FBF-97A5-B3D85AF85F92}.Release|Any CPU.Build.0 = Release|Any CPU
		{283BD2C6-0607-4679-809B-4D77E842C5B6}.Debug|Any CPU.ActiveCfg = Debug|Any CPU
		{283BD2C6-0607-4679-809B-4D77E842C5B6}.Debug|Any CPU.Build.0 = Debug|Any CPU
		{283BD2C6-0607-4679-809B-4D77E842C5B6}.Release|Any CPU.ActiveCfg = Release|Any CPU
		{283BD2C6-0607-4679-809B-4D77E842C5B6}.Release|Any CPU.Build.0 = Release|Any CPU
		{D45BFDD5-FB91-4746-B6DC-8AB184042036}.Debug|Any CPU.ActiveCfg = Debug|Any CPU
		{D45BFDD5-FB91-4746-B6DC-8AB184042036}.Debug|Any CPU.Build.0 = Debug|Any CPU
		{D45BFDD5-FB91-4746-B6DC-8AB184042036}.Release|Any CPU.ActiveCfg = Release|Any CPU
		{D45BFDD5-FB91-4746-B6DC-8AB184042036}.Release|Any CPU.Build.0 = Release|Any CPU
		{41984A2E-BC5C-4D35-84A2-33F39C8CDD60}.Debug|Any CPU.ActiveCfg = Debug|Any CPU
		{41984A2E-BC5C-4D35-84A2-33F39C8CDD60}.Debug|Any CPU.Build.0 = Debug|Any CPU
		{41984A2E-BC5C-4D35-84A2-33F39C8CDD60}.Release|Any CPU.ActiveCfg = Release|Any CPU
		{41984A2E-BC5C-4D35-84A2-33F39C8CDD60}.Release|Any CPU.Build.0 = Release|Any CPU
		{3F6716F0-5E16-408C-8D0E-40EAF8CF928B}.Debug|Any CPU.ActiveCfg = Debug|Any CPU
		{3F6716F0-5E16-408C-8D0E-40EAF8CF928B}.Debug|Any CPU.Build.0 = Debug|Any CPU
		{3F6716F0-5E16-408C-8D0E-40EAF8CF928B}.Release|Any CPU.ActiveCfg = Release|Any CPU
		{3F6716F0-5E16-408C-8D0E-40EAF8CF928B}.Release|Any CPU.Build.0 = Release|Any CPU
		{24DEFE50-0922-4C21-AEF3-9AEF12E538EF}.Debug|Any CPU.ActiveCfg = Debug|Any CPU
		{24DEFE50-0922-4C21-AEF3-9AEF12E538EF}.Debug|Any CPU.Build.0 = Debug|Any CPU
		{24DEFE50-0922-4C21-AEF3-9AEF12E538EF}.Release|Any CPU.ActiveCfg = Release|Any CPU
		{24DEFE50-0922-4C21-AEF3-9AEF12E538EF}.Release|Any CPU.Build.0 = Release|Any CPU
		{4FCFB0D3-7395-47E6-AF1A-873AA9B681BF}.Debug|Any CPU.ActiveCfg = Debug|Any CPU
		{4FCFB0D3-7395-47E6-AF1A-873AA9B681BF}.Debug|Any CPU.Build.0 = Debug|Any CPU
		{4FCFB0D3-7395-47E6-AF1A-873AA9B681BF}.Release|Any CPU.ActiveCfg = Release|Any CPU
		{4FCFB0D3-7395-47E6-AF1A-873AA9B681BF}.Release|Any CPU.Build.0 = Release|Any CPU
		{88BCFC78-A02B-47D8-8FD7-8721F9D652BD}.Debug|Any CPU.ActiveCfg = Debug|Any CPU
		{88BCFC78-A02B-47D8-8FD7-8721F9D652BD}.Debug|Any CPU.Build.0 = Debug|Any CPU
		{88BCFC78-A02B-47D8-8FD7-8721F9D652BD}.Release|Any CPU.ActiveCfg = Release|Any CPU
		{88BCFC78-A02B-47D8-8FD7-8721F9D652BD}.Release|Any CPU.Build.0 = Release|Any CPU
		{132027B8-2EFB-46F5-9183-7F3EB753FA53}.Debug|Any CPU.ActiveCfg = Debug|Any CPU
		{132027B8-2EFB-46F5-9183-7F3EB753FA53}.Debug|Any CPU.Build.0 = Debug|Any CPU
		{132027B8-2EFB-46F5-9183-7F3EB753FA53}.Release|Any CPU.ActiveCfg = Release|Any CPU
		{132027B8-2EFB-46F5-9183-7F3EB753FA53}.Release|Any CPU.Build.0 = Release|Any CPU
		{C37ED73C-ED85-4ADD-B8C8-88B1843FB052}.Debug|Any CPU.ActiveCfg = Debug|Any CPU
		{C37ED73C-ED85-4ADD-B8C8-88B1843FB052}.Debug|Any CPU.Build.0 = Debug|Any CPU
		{C37ED73C-ED85-4ADD-B8C8-88B1843FB052}.Release|Any CPU.ActiveCfg = Release|Any CPU
		{C37ED73C-ED85-4ADD-B8C8-88B1843FB052}.Release|Any CPU.Build.0 = Release|Any CPU
		{185E0EA2-4437-40B3-B36B-2C8B480EDCB2}.Debug|Any CPU.ActiveCfg = Debug|Any CPU
		{185E0EA2-4437-40B3-B36B-2C8B480EDCB2}.Debug|Any CPU.Build.0 = Debug|Any CPU
		{185E0EA2-4437-40B3-B36B-2C8B480EDCB2}.Release|Any CPU.ActiveCfg = Release|Any CPU
		{185E0EA2-4437-40B3-B36B-2C8B480EDCB2}.Release|Any CPU.Build.0 = Release|Any CPU
		{C5B32E26-B93A-4E07-81BC-D41A17D11ECA}.Debug|Any CPU.ActiveCfg = Debug|Any CPU
		{C5B32E26-B93A-4E07-81BC-D41A17D11ECA}.Debug|Any CPU.Build.0 = Debug|Any CPU
		{C5B32E26-B93A-4E07-81BC-D41A17D11ECA}.Release|Any CPU.ActiveCfg = Release|Any CPU
		{C5B32E26-B93A-4E07-81BC-D41A17D11ECA}.Release|Any CPU.Build.0 = Release|Any CPU
		{709BBD75-0914-453A-96C2-44A36E540B78}.Debug|Any CPU.ActiveCfg = Debug|Any CPU
		{709BBD75-0914-453A-96C2-44A36E540B78}.Debug|Any CPU.Build.0 = Debug|Any CPU
		{709BBD75-0914-453A-96C2-44A36E540B78}.Release|Any CPU.ActiveCfg = Release|Any CPU
		{709BBD75-0914-453A-96C2-44A36E540B78}.Release|Any CPU.Build.0 = Release|Any CPU
		{D5E51244-0DCD-415E-AC5C-29A792A5E071}.Debug|Any CPU.ActiveCfg = Debug|Any CPU
		{D5E51244-0DCD-415E-AC5C-29A792A5E071}.Debug|Any CPU.Build.0 = Debug|Any CPU
		{D5E51244-0DCD-415E-AC5C-29A792A5E071}.Release|Any CPU.ActiveCfg = Release|Any CPU
		{D5E51244-0DCD-415E-AC5C-29A792A5E071}.Release|Any CPU.Build.0 = Release|Any CPU
		{5D755322-4AD4-470D-A6E2-6DF472122085}.Debug|Any CPU.ActiveCfg = Debug|Any CPU
		{5D755322-4AD4-470D-A6E2-6DF472122085}.Debug|Any CPU.Build.0 = Debug|Any CPU
		{5D755322-4AD4-470D-A6E2-6DF472122085}.Release|Any CPU.ActiveCfg = Release|Any CPU
		{5D755322-4AD4-470D-A6E2-6DF472122085}.Release|Any CPU.Build.0 = Release|Any CPU
		{1FE089AB-B67A-428A-8878-5CE0A1759202}.Debug|Any CPU.ActiveCfg = Debug|Any CPU
		{1FE089AB-B67A-428A-8878-5CE0A1759202}.Debug|Any CPU.Build.0 = Debug|Any CPU
		{1FE089AB-B67A-428A-8878-5CE0A1759202}.Release|Any CPU.ActiveCfg = Release|Any CPU
		{1FE089AB-B67A-428A-8878-5CE0A1759202}.Release|Any CPU.Build.0 = Release|Any CPU
		{9551D556-3DD0-4FBC-A8E7-532BD82A88FA}.Debug|Any CPU.ActiveCfg = Debug|Any CPU
		{9551D556-3DD0-4FBC-A8E7-532BD82A88FA}.Debug|Any CPU.Build.0 = Debug|Any CPU
		{9551D556-3DD0-4FBC-A8E7-532BD82A88FA}.Release|Any CPU.ActiveCfg = Release|Any CPU
		{9551D556-3DD0-4FBC-A8E7-532BD82A88FA}.Release|Any CPU.Build.0 = Release|Any CPU
		{A87179EA-B91C-4401-9D27-9A2431F633D4}.Debug|Any CPU.ActiveCfg = Debug|Any CPU
		{A87179EA-B91C-4401-9D27-9A2431F633D4}.Debug|Any CPU.Build.0 = Debug|Any CPU
		{A87179EA-B91C-4401-9D27-9A2431F633D4}.Release|Any CPU.ActiveCfg = Release|Any CPU
		{A87179EA-B91C-4401-9D27-9A2431F633D4}.Release|Any CPU.Build.0 = Release|Any CPU
		{B769D029-6C58-443D-B5FC-C70B9918D6A5}.Debug|Any CPU.ActiveCfg = Debug|Any CPU
		{B769D029-6C58-443D-B5FC-C70B9918D6A5}.Debug|Any CPU.Build.0 = Debug|Any CPU
		{B769D029-6C58-443D-B5FC-C70B9918D6A5}.Release|Any CPU.ActiveCfg = Release|Any CPU
		{B769D029-6C58-443D-B5FC-C70B9918D6A5}.Release|Any CPU.Build.0 = Release|Any CPU
		{33EC479A-A7E2-4006-AF70-69466F35F92B}.Debug|Any CPU.ActiveCfg = Debug|Any CPU
		{33EC479A-A7E2-4006-AF70-69466F35F92B}.Debug|Any CPU.Build.0 = Debug|Any CPU
		{33EC479A-A7E2-4006-AF70-69466F35F92B}.Release|Any CPU.ActiveCfg = Release|Any CPU
		{33EC479A-A7E2-4006-AF70-69466F35F92B}.Release|Any CPU.Build.0 = Release|Any CPU
		{B6413644-A3EB-467E-A641-0ECF46D77584}.Debug|Any CPU.ActiveCfg = Debug|Any CPU
		{B6413644-A3EB-467E-A641-0ECF46D77584}.Debug|Any CPU.Build.0 = Debug|Any CPU
		{B6413644-A3EB-467E-A641-0ECF46D77584}.Release|Any CPU.ActiveCfg = Release|Any CPU
		{B6413644-A3EB-467E-A641-0ECF46D77584}.Release|Any CPU.Build.0 = Release|Any CPU
		{01719C0C-F997-4545-B999-57F51358D4A5}.Debug|Any CPU.ActiveCfg = Debug|Any CPU
		{01719C0C-F997-4545-B999-57F51358D4A5}.Debug|Any CPU.Build.0 = Debug|Any CPU
		{01719C0C-F997-4545-B999-57F51358D4A5}.Release|Any CPU.ActiveCfg = Release|Any CPU
		{01719C0C-F997-4545-B999-57F51358D4A5}.Release|Any CPU.Build.0 = Release|Any CPU
		{C74074FA-DB66-4EB1-88EA-DBFDF376D75A}.Debug|Any CPU.ActiveCfg = Debug|Any CPU
		{C74074FA-DB66-4EB1-88EA-DBFDF376D75A}.Debug|Any CPU.Build.0 = Debug|Any CPU
		{C74074FA-DB66-4EB1-88EA-DBFDF376D75A}.Release|Any CPU.ActiveCfg = Release|Any CPU
		{C74074FA-DB66-4EB1-88EA-DBFDF376D75A}.Release|Any CPU.Build.0 = Release|Any CPU
		{4B0A4E09-800F-40BC-AAD3-E4012BCCEE43}.Debug|Any CPU.ActiveCfg = Debug|Any CPU
		{4B0A4E09-800F-40BC-AAD3-E4012BCCEE43}.Debug|Any CPU.Build.0 = Debug|Any CPU
		{4B0A4E09-800F-40BC-AAD3-E4012BCCEE43}.Release|Any CPU.ActiveCfg = Release|Any CPU
		{4B0A4E09-800F-40BC-AAD3-E4012BCCEE43}.Release|Any CPU.Build.0 = Release|Any CPU
		{0F6C386C-FD56-4921-B4B1-E575A8DA1E67}.Debug|Any CPU.ActiveCfg = Debug|Any CPU
		{0F6C386C-FD56-4921-B4B1-E575A8DA1E67}.Debug|Any CPU.Build.0 = Debug|Any CPU
		{0F6C386C-FD56-4921-B4B1-E575A8DA1E67}.Release|Any CPU.ActiveCfg = Release|Any CPU
		{0F6C386C-FD56-4921-B4B1-E575A8DA1E67}.Release|Any CPU.Build.0 = Release|Any CPU
		{2A8E0CB2-7414-41AB-89E3-29906C85071D}.Debug|Any CPU.ActiveCfg = Debug|Any CPU
		{2A8E0CB2-7414-41AB-89E3-29906C85071D}.Debug|Any CPU.Build.0 = Debug|Any CPU
		{2A8E0CB2-7414-41AB-89E3-29906C85071D}.Release|Any CPU.ActiveCfg = Release|Any CPU
		{2A8E0CB2-7414-41AB-89E3-29906C85071D}.Release|Any CPU.Build.0 = Release|Any CPU
		{4411A211-4552-413F-AB54-B8B94A2135C0}.Debug|Any CPU.ActiveCfg = Debug|Any CPU
		{4411A211-4552-413F-AB54-B8B94A2135C0}.Debug|Any CPU.Build.0 = Debug|Any CPU
		{4411A211-4552-413F-AB54-B8B94A2135C0}.Release|Any CPU.ActiveCfg = Release|Any CPU
		{4411A211-4552-413F-AB54-B8B94A2135C0}.Release|Any CPU.Build.0 = Release|Any CPU
		{3E557558-F7EB-47EA-9213-BCDCEDA4355E}.Debug|Any CPU.ActiveCfg = Debug|Any CPU
		{3E557558-F7EB-47EA-9213-BCDCEDA4355E}.Debug|Any CPU.Build.0 = Debug|Any CPU
		{3E557558-F7EB-47EA-9213-BCDCEDA4355E}.Release|Any CPU.ActiveCfg = Release|Any CPU
		{3E557558-F7EB-47EA-9213-BCDCEDA4355E}.Release|Any CPU.Build.0 = Release|Any CPU
		{579AC089-6B65-4270-AE93-4D30F05661EB}.Debug|Any CPU.ActiveCfg = Debug|Any CPU
		{579AC089-6B65-4270-AE93-4D30F05661EB}.Debug|Any CPU.Build.0 = Debug|Any CPU
		{579AC089-6B65-4270-AE93-4D30F05661EB}.Release|Any CPU.ActiveCfg = Release|Any CPU
		{579AC089-6B65-4270-AE93-4D30F05661EB}.Release|Any CPU.Build.0 = Release|Any CPU
		{2981E003-DF12-4FB4-ABE8-1DA2A96F15FE}.Debug|Any CPU.ActiveCfg = Debug|Any CPU
		{2981E003-DF12-4FB4-ABE8-1DA2A96F15FE}.Debug|Any CPU.Build.0 = Debug|Any CPU
		{2981E003-DF12-4FB4-ABE8-1DA2A96F15FE}.Release|Any CPU.ActiveCfg = Release|Any CPU
		{2981E003-DF12-4FB4-ABE8-1DA2A96F15FE}.Release|Any CPU.Build.0 = Release|Any CPU
		{4741624E-AE7B-405E-8DC0-EA80C13CB483}.Debug|Any CPU.ActiveCfg = Debug|Any CPU
		{4741624E-AE7B-405E-8DC0-EA80C13CB483}.Debug|Any CPU.Build.0 = Debug|Any CPU
		{4741624E-AE7B-405E-8DC0-EA80C13CB483}.Release|Any CPU.ActiveCfg = Release|Any CPU
		{4741624E-AE7B-405E-8DC0-EA80C13CB483}.Release|Any CPU.Build.0 = Release|Any CPU
		{7C5B327C-C915-46A5-A48F-1A97741C6025}.Debug|Any CPU.ActiveCfg = Debug|Any CPU
		{7C5B327C-C915-46A5-A48F-1A97741C6025}.Debug|Any CPU.Build.0 = Debug|Any CPU
		{7C5B327C-C915-46A5-A48F-1A97741C6025}.Release|Any CPU.ActiveCfg = Release|Any CPU
		{7C5B327C-C915-46A5-A48F-1A97741C6025}.Release|Any CPU.Build.0 = Release|Any CPU
		{6F273E7E-0204-441F-AA30-2B696B22D1A2}.Debug|Any CPU.ActiveCfg = Debug|Any CPU
		{6F273E7E-0204-441F-AA30-2B696B22D1A2}.Debug|Any CPU.Build.0 = Debug|Any CPU
		{6F273E7E-0204-441F-AA30-2B696B22D1A2}.Release|Any CPU.ActiveCfg = Release|Any CPU
		{6F273E7E-0204-441F-AA30-2B696B22D1A2}.Release|Any CPU.Build.0 = Release|Any CPU
		{0B4C87CD-FE16-4BE9-B924-9BE27867F89A}.Debug|Any CPU.ActiveCfg = Debug|Any CPU
		{0B4C87CD-FE16-4BE9-B924-9BE27867F89A}.Debug|Any CPU.Build.0 = Debug|Any CPU
		{0B4C87CD-FE16-4BE9-B924-9BE27867F89A}.Release|Any CPU.ActiveCfg = Release|Any CPU
		{0B4C87CD-FE16-4BE9-B924-9BE27867F89A}.Release|Any CPU.Build.0 = Release|Any CPU
		{965A1EE4-6438-4B2F-96C5-F76B829ACFFD}.Debug|Any CPU.ActiveCfg = Debug|Any CPU
		{965A1EE4-6438-4B2F-96C5-F76B829ACFFD}.Debug|Any CPU.Build.0 = Debug|Any CPU
		{965A1EE4-6438-4B2F-96C5-F76B829ACFFD}.Release|Any CPU.ActiveCfg = Release|Any CPU
		{965A1EE4-6438-4B2F-96C5-F76B829ACFFD}.Release|Any CPU.Build.0 = Release|Any CPU
		{9C820C2A-469B-41F6-A3DD-1881D67931F3}.Debug|Any CPU.ActiveCfg = Debug|Any CPU
		{9C820C2A-469B-41F6-A3DD-1881D67931F3}.Debug|Any CPU.Build.0 = Debug|Any CPU
		{9C820C2A-469B-41F6-A3DD-1881D67931F3}.Release|Any CPU.ActiveCfg = Release|Any CPU
		{9C820C2A-469B-41F6-A3DD-1881D67931F3}.Release|Any CPU.Build.0 = Release|Any CPU
		{FB4E6EE1-D32C-4F1A-ADF9-38121E55DECB}.Debug|Any CPU.ActiveCfg = Debug|Any CPU
		{FB4E6EE1-D32C-4F1A-ADF9-38121E55DECB}.Debug|Any CPU.Build.0 = Debug|Any CPU
		{FB4E6EE1-D32C-4F1A-ADF9-38121E55DECB}.Release|Any CPU.ActiveCfg = Release|Any CPU
		{FB4E6EE1-D32C-4F1A-ADF9-38121E55DECB}.Release|Any CPU.Build.0 = Release|Any CPU
		{F93C3B96-301F-4C28-A6C9-0D7373D35E89}.Debug|Any CPU.ActiveCfg = Debug|Any CPU
		{F93C3B96-301F-4C28-A6C9-0D7373D35E89}.Debug|Any CPU.Build.0 = Debug|Any CPU
		{F93C3B96-301F-4C28-A6C9-0D7373D35E89}.Release|Any CPU.ActiveCfg = Release|Any CPU
		{F93C3B96-301F-4C28-A6C9-0D7373D35E89}.Release|Any CPU.Build.0 = Release|Any CPU
		{79CC4BA1-32F0-474A-A078-6871B33977E7}.Debug|Any CPU.ActiveCfg = Debug|Any CPU
		{79CC4BA1-32F0-474A-A078-6871B33977E7}.Debug|Any CPU.Build.0 = Debug|Any CPU
		{79CC4BA1-32F0-474A-A078-6871B33977E7}.Release|Any CPU.ActiveCfg = Release|Any CPU
		{79CC4BA1-32F0-474A-A078-6871B33977E7}.Release|Any CPU.Build.0 = Release|Any CPU
		{E0C1BFB0-2869-45F0-BB9D-6DC9285708AD}.Debug|Any CPU.ActiveCfg = Debug|Any CPU
		{E0C1BFB0-2869-45F0-BB9D-6DC9285708AD}.Debug|Any CPU.Build.0 = Debug|Any CPU
		{E0C1BFB0-2869-45F0-BB9D-6DC9285708AD}.Release|Any CPU.ActiveCfg = Release|Any CPU
		{E0C1BFB0-2869-45F0-BB9D-6DC9285708AD}.Release|Any CPU.Build.0 = Release|Any CPU
		{095181FF-9C4E-4528-A676-F4129D3F55FC}.Debug|Any CPU.ActiveCfg = Debug|Any CPU
		{095181FF-9C4E-4528-A676-F4129D3F55FC}.Debug|Any CPU.Build.0 = Debug|Any CPU
		{095181FF-9C4E-4528-A676-F4129D3F55FC}.Release|Any CPU.ActiveCfg = Release|Any CPU
		{095181FF-9C4E-4528-A676-F4129D3F55FC}.Release|Any CPU.Build.0 = Release|Any CPU
	EndGlobalSection
	GlobalSection(SolutionProperties) = preSolution
		HideSolutionNode = FALSE
	EndGlobalSection
	GlobalSection(ExtensibilityGlobals) = postSolution
		SolutionGuid = {F3820947-9C58-4CE9-8D21-8EFE94B79F24}
	EndGlobalSection
EndGlobal
