
Microsoft Visual Studio Solution File, Format Version 12.00
# Visual Studio Version 17
VisualStudioVersion = 17.7.34024.191
MinimumVisualStudioVersion = 10.0.40219.1
Project("{9A19103F-16F7-4668-BE54-9A1E7A4F7556}") = "Changing letters", "Changing letters\Changing letters.csproj", "{1DDDFE9F-84F5-4F12-BFB8-31DC7C99718E}"
EndProject
Project("{9A19103F-16F7-4668-BE54-9A1E7A4F7556}") = "Check the exam", "Check the exam\Check the exam.csproj", "{980AD2C4-0C19-4EF8-913A-3B7FDDCA2149}"
EndProject
Project("{9A19103F-16F7-4668-BE54-9A1E7A4F7556}") = "Disemvowel Trolls", "Disemvowel Trolls\Disemvowel Trolls.csproj", "{F91FB66E-9868-423F-BE07-7955C49B735F}"
EndProject
Project("{9A19103F-16F7-4668-BE54-9A1E7A4F7556}") = "Easy wallpaper", "Easy wallpaper\Easy wallpaper.csproj", "{7FCF2595-EDE5-4D77-B7B9-E7E4959A7E89}"
EndProject
Project("{9A19103F-16F7-4668-BE54-9A1E7A4F7556}") = "Find the capitals", "Find the capitals\Find the capitals.csproj", "{3342C288-0DCE-4162-BFAC-C29B729EF4D4}"
EndProject
Project("{9A19103F-16F7-4668-BE54-9A1E7A4F7556}") = "Get the Middle Character", "Get the Middle Character\Get the Middle Character.csproj", "{764F046B-F2FF-4208-AAA0-65658A26F5C7}"
EndProject
Project("{9A19103F-16F7-4668-BE54-9A1E7A4F7556}") = "Insert dashes", "Insert dashes\Insert dashes.csproj", "{E65610E8-ED5C-4F85-BB87-071B099FB521}"
EndProject
Project("{9A19103F-16F7-4668-BE54-9A1E7A4F7556}") = "Is this a triangle", "Is this a triangle\Is this a triangle.csproj", "{2FB01EA8-F5C6-4784-8F22-82AF0981165E}"
EndProject
Project("{9A19103F-16F7-4668-BE54-9A1E7A4F7556}") = "Isograms", "Isograms\Isograms.csproj", "{80A01642-AF52-48F0-8231-8D5C67BDB02C}"
EndProject
Project("{9A19103F-16F7-4668-BE54-9A1E7A4F7556}") = "Latin Squares", "Latin Squares\Latin Squares.csproj", "{4E6C8E27-BA1E-4298-9E7D-30E5DA54171A}"
EndProject
Project("{9A19103F-16F7-4668-BE54-9A1E7A4F7556}") = "Length and two values", "Length and two values\Length and two values.csproj", "{D7D79A34-51D3-4920-8B09-EA0BCDDCAE1C}"
EndProject
Project("{9A19103F-16F7-4668-BE54-9A1E7A4F7556}") = "Make a function that does arithmetic", "Make a function that does arithmetic\Make a function that does arithmetic.csproj", "{6D93B2F3-08F5-4DCD-9DEB-95EDC21CE36F}"
EndProject
Project("{9A19103F-16F7-4668-BE54-9A1E7A4F7556}") = "Ones and Zeros", "Ones and Zeros\Ones and Zeros.csproj", "{4AC6502A-159B-4D24-BE93-C2B9097BE8E5}"
EndProject
Project("{9A19103F-16F7-4668-BE54-9A1E7A4F7556}") = "Regex validate PIN code", "Regex validate PIN code\Regex validate PIN code.csproj", "{53983564-6C51-4AE0-BBE7-C3B803F3472C}"
EndProject
Project("{9A19103F-16F7-4668-BE54-9A1E7A4F7556}") = "Remove the minimum", "Remove the minimum\Remove the minimum.csproj", "{959AC743-F12A-46A6-B760-3C026349848F}"
EndProject
Project("{9A19103F-16F7-4668-BE54-9A1E7A4F7556}") = "Sort Numbers", "Sort Numbers\Sort Numbers.csproj", "{C988BB99-5A15-45C7-ADC2-7B84D39CCFC3}"
EndProject
Project("{9A19103F-16F7-4668-BE54-9A1E7A4F7556}") = "Sum of a sequence", "Sum of a sequence\Sum of a sequence.csproj", "{B8EBDD8C-04CA-44F0-A7B4-4309BBCBC065}"
EndProject
Project("{9A19103F-16F7-4668-BE54-9A1E7A4F7556}") = "Sum of Minimums", "Sum of Minimums\Sum of Minimums.csproj", "{F99815F9-16C4-43C1-B701-B5C5688ACBBE}"
EndProject
Project("{9A19103F-16F7-4668-BE54-9A1E7A4F7556}") = "Sum of two lowest positive integers", "Sum of two lowest positive integers\Sum of two lowest positive integers.csproj", "{6301E850-38C5-44BE-B51C-968FC6428B5C}"
EndProject
Project("{9A19103F-16F7-4668-BE54-9A1E7A4F7556}") = "The Coupon Code", "The Coupon Code\The Coupon Code.csproj", "{56F0AA8C-AA37-4FAA-9AA9-37396062DB80}"
EndProject
Project("{9A19103F-16F7-4668-BE54-9A1E7A4F7556}") = "The highest profit wins", "The highest profit wins\The highest profit wins.csproj", "{71DD706B-A941-4C60-A694-B72CA0DAF70C}"
EndProject
Project("{9A19103F-16F7-4668-BE54-9A1E7A4F7556}") = "Two to One", "Two to One\Two to One.csproj", "{83173137-8CE5-4A71-826A-36B43C42D362}"
EndProject
Project("{9A19103F-16F7-4668-BE54-9A1E7A4F7556}") = "Friend or Foe", "Friend or Foe\Friend or Foe.csproj", "{A4D83E8B-CBF1-4101-88ED-12DD035D5A39}"
EndProject
Project("{9A19103F-16F7-4668-BE54-9A1E7A4F7556}") = "Return substring instance count", "Return substring instance count\Return substring instance count.csproj", "{7DEDE44B-63B3-4FBF-97A5-B3D85AF85F92}"
EndProject
Project("{9A19103F-16F7-4668-BE54-9A1E7A4F7556}") = "Is n divisible by", "Is n divisible by\Is n divisible by.csproj", "{283BD2C6-0607-4679-809B-4D77E842C5B6}"
EndProject
Project("{9A19103F-16F7-4668-BE54-9A1E7A4F7556}") = "Area of a Circle", "Area of a Circle\Area of a Circle.csproj", "{D45BFDD5-FB91-4746-B6DC-8AB184042036}"
EndProject
Project("{9A19103F-16F7-4668-BE54-9A1E7A4F7556}") = "Count the Ones", "Count the Ones\Count the Ones.csproj", "{41984A2E-BC5C-4D35-84A2-33F39C8CDD60}"
EndProject
Project("{9A19103F-16F7-4668-BE54-9A1E7A4F7556}") = "Over The Road", "Over The Road\Over The Road.csproj", "{3F6716F0-5E16-408C-8D0E-40EAF8CF928B}"
EndProject
Project("{9A19103F-16F7-4668-BE54-9A1E7A4F7556}") = "Tail Swap", "Tail Swap\Tail Swap.csproj", "{24DEFE50-0922-4C21-AEF3-9AEF12E538EF}"
EndProject
Project("{9A19103F-16F7-4668-BE54-9A1E7A4F7556}") = "Trimming a string", "Trimming a string\Trimming a string.csproj", "{4FCFB0D3-7395-47E6-AF1A-873AA9B681BF}"
EndProject
Project("{9A19103F-16F7-4668-BE54-9A1E7A4F7556}") = "Filter the number", "Filter the number\Filter the number.csproj", "{88BCFC78-A02B-47D8-8FD7-8721F9D652BD}"
EndProject
Project("{9A19103F-16F7-4668-BE54-9A1E7A4F7556}") = "Selective fear of numbers", "Selective fear of numbers\Selective fear of numbers.csproj", "{132027B8-2EFB-46F5-9183-7F3EB753FA53}"
EndProject
Project("{FAE04EC0-301F-11D3-BF4B-00C04F79EFBC}") = "Two numbers are positive", "Two numbers are positive\Two numbers are positive.csproj", "{C37ED73C-ED85-4ADD-B8C8-88B1843FB052}"
EndProject
Global
	GlobalSection(SolutionConfigurationPlatforms) = preSolution
		Debug|Any CPU = Debug|Any CPU
		Release|Any CPU = Release|Any CPU
	EndGlobalSection
	GlobalSection(ProjectConfigurationPlatforms) = postSolution
		{1DDDFE9F-84F5-4F12-BFB8-31DC7C99718E}.Debug|Any CPU.ActiveCfg = Debug|Any CPU
		{1DDDFE9F-84F5-4F12-BFB8-31DC7C99718E}.Debug|Any CPU.Build.0 = Debug|Any CPU
		{1DDDFE9F-84F5-4F12-BFB8-31DC7C99718E}.Release|Any CPU.ActiveCfg = Release|Any CPU
		{1DDDFE9F-84F5-4F12-BFB8-31DC7C99718E}.Release|Any CPU.Build.0 = Release|Any CPU
		{980AD2C4-0C19-4EF8-913A-3B7FDDCA2149}.Debug|Any CPU.ActiveCfg = Debug|Any CPU
		{980AD2C4-0C19-4EF8-913A-3B7FDDCA2149}.Debug|Any CPU.Build.0 = Debug|Any CPU
		{980AD2C4-0C19-4EF8-913A-3B7FDDCA2149}.Release|Any CPU.ActiveCfg = Release|Any CPU
		{980AD2C4-0C19-4EF8-913A-3B7FDDCA2149}.Release|Any CPU.Build.0 = Release|Any CPU
		{F91FB66E-9868-423F-BE07-7955C49B735F}.Debug|Any CPU.ActiveCfg = Debug|Any CPU
		{F91FB66E-9868-423F-BE07-7955C49B735F}.Debug|Any CPU.Build.0 = Debug|Any CPU
		{F91FB66E-9868-423F-BE07-7955C49B735F}.Release|Any CPU.ActiveCfg = Release|Any CPU
		{F91FB66E-9868-423F-BE07-7955C49B735F}.Release|Any CPU.Build.0 = Release|Any CPU
		{7FCF2595-EDE5-4D77-B7B9-E7E4959A7E89}.Debug|Any CPU.ActiveCfg = Debug|Any CPU
		{7FCF2595-EDE5-4D77-B7B9-E7E4959A7E89}.Debug|Any CPU.Build.0 = Debug|Any CPU
		{7FCF2595-EDE5-4D77-B7B9-E7E4959A7E89}.Release|Any CPU.ActiveCfg = Release|Any CPU
		{7FCF2595-EDE5-4D77-B7B9-E7E4959A7E89}.Release|Any CPU.Build.0 = Release|Any CPU
		{3342C288-0DCE-4162-BFAC-C29B729EF4D4}.Debug|Any CPU.ActiveCfg = Debug|Any CPU
		{3342C288-0DCE-4162-BFAC-C29B729EF4D4}.Debug|Any CPU.Build.0 = Debug|Any CPU
		{3342C288-0DCE-4162-BFAC-C29B729EF4D4}.Release|Any CPU.ActiveCfg = Release|Any CPU
		{3342C288-0DCE-4162-BFAC-C29B729EF4D4}.Release|Any CPU.Build.0 = Release|Any CPU
		{764F046B-F2FF-4208-AAA0-65658A26F5C7}.Debug|Any CPU.ActiveCfg = Debug|Any CPU
		{764F046B-F2FF-4208-AAA0-65658A26F5C7}.Debug|Any CPU.Build.0 = Debug|Any CPU
		{764F046B-F2FF-4208-AAA0-65658A26F5C7}.Release|Any CPU.ActiveCfg = Release|Any CPU
		{764F046B-F2FF-4208-AAA0-65658A26F5C7}.Release|Any CPU.Build.0 = Release|Any CPU
		{E65610E8-ED5C-4F85-BB87-071B099FB521}.Debug|Any CPU.ActiveCfg = Debug|Any CPU
		{E65610E8-ED5C-4F85-BB87-071B099FB521}.Debug|Any CPU.Build.0 = Debug|Any CPU
		{E65610E8-ED5C-4F85-BB87-071B099FB521}.Release|Any CPU.ActiveCfg = Release|Any CPU
		{E65610E8-ED5C-4F85-BB87-071B099FB521}.Release|Any CPU.Build.0 = Release|Any CPU
		{2FB01EA8-F5C6-4784-8F22-82AF0981165E}.Debug|Any CPU.ActiveCfg = Debug|Any CPU
		{2FB01EA8-F5C6-4784-8F22-82AF0981165E}.Debug|Any CPU.Build.0 = Debug|Any CPU
		{2FB01EA8-F5C6-4784-8F22-82AF0981165E}.Release|Any CPU.ActiveCfg = Release|Any CPU
		{2FB01EA8-F5C6-4784-8F22-82AF0981165E}.Release|Any CPU.Build.0 = Release|Any CPU
		{80A01642-AF52-48F0-8231-8D5C67BDB02C}.Debug|Any CPU.ActiveCfg = Debug|Any CPU
		{80A01642-AF52-48F0-8231-8D5C67BDB02C}.Debug|Any CPU.Build.0 = Debug|Any CPU
		{80A01642-AF52-48F0-8231-8D5C67BDB02C}.Release|Any CPU.ActiveCfg = Release|Any CPU
		{80A01642-AF52-48F0-8231-8D5C67BDB02C}.Release|Any CPU.Build.0 = Release|Any CPU
		{4E6C8E27-BA1E-4298-9E7D-30E5DA54171A}.Debug|Any CPU.ActiveCfg = Debug|Any CPU
		{4E6C8E27-BA1E-4298-9E7D-30E5DA54171A}.Debug|Any CPU.Build.0 = Debug|Any CPU
		{4E6C8E27-BA1E-4298-9E7D-30E5DA54171A}.Release|Any CPU.ActiveCfg = Release|Any CPU
		{4E6C8E27-BA1E-4298-9E7D-30E5DA54171A}.Release|Any CPU.Build.0 = Release|Any CPU
		{D7D79A34-51D3-4920-8B09-EA0BCDDCAE1C}.Debug|Any CPU.ActiveCfg = Debug|Any CPU
		{D7D79A34-51D3-4920-8B09-EA0BCDDCAE1C}.Debug|Any CPU.Build.0 = Debug|Any CPU
		{D7D79A34-51D3-4920-8B09-EA0BCDDCAE1C}.Release|Any CPU.ActiveCfg = Release|Any CPU
		{D7D79A34-51D3-4920-8B09-EA0BCDDCAE1C}.Release|Any CPU.Build.0 = Release|Any CPU
		{6D93B2F3-08F5-4DCD-9DEB-95EDC21CE36F}.Debug|Any CPU.ActiveCfg = Debug|Any CPU
		{6D93B2F3-08F5-4DCD-9DEB-95EDC21CE36F}.Debug|Any CPU.Build.0 = Debug|Any CPU
		{6D93B2F3-08F5-4DCD-9DEB-95EDC21CE36F}.Release|Any CPU.ActiveCfg = Release|Any CPU
		{6D93B2F3-08F5-4DCD-9DEB-95EDC21CE36F}.Release|Any CPU.Build.0 = Release|Any CPU
		{4AC6502A-159B-4D24-BE93-C2B9097BE8E5}.Debug|Any CPU.ActiveCfg = Debug|Any CPU
		{4AC6502A-159B-4D24-BE93-C2B9097BE8E5}.Debug|Any CPU.Build.0 = Debug|Any CPU
		{4AC6502A-159B-4D24-BE93-C2B9097BE8E5}.Release|Any CPU.ActiveCfg = Release|Any CPU
		{4AC6502A-159B-4D24-BE93-C2B9097BE8E5}.Release|Any CPU.Build.0 = Release|Any CPU
		{53983564-6C51-4AE0-BBE7-C3B803F3472C}.Debug|Any CPU.ActiveCfg = Debug|Any CPU
		{53983564-6C51-4AE0-BBE7-C3B803F3472C}.Debug|Any CPU.Build.0 = Debug|Any CPU
		{53983564-6C51-4AE0-BBE7-C3B803F3472C}.Release|Any CPU.ActiveCfg = Release|Any CPU
		{53983564-6C51-4AE0-BBE7-C3B803F3472C}.Release|Any CPU.Build.0 = Release|Any CPU
		{959AC743-F12A-46A6-B760-3C026349848F}.Debug|Any CPU.ActiveCfg = Debug|Any CPU
		{959AC743-F12A-46A6-B760-3C026349848F}.Debug|Any CPU.Build.0 = Debug|Any CPU
		{959AC743-F12A-46A6-B760-3C026349848F}.Release|Any CPU.ActiveCfg = Release|Any CPU
		{959AC743-F12A-46A6-B760-3C026349848F}.Release|Any CPU.Build.0 = Release|Any CPU
		{C988BB99-5A15-45C7-ADC2-7B84D39CCFC3}.Debug|Any CPU.ActiveCfg = Debug|Any CPU
		{C988BB99-5A15-45C7-ADC2-7B84D39CCFC3}.Debug|Any CPU.Build.0 = Debug|Any CPU
		{C988BB99-5A15-45C7-ADC2-7B84D39CCFC3}.Release|Any CPU.ActiveCfg = Release|Any CPU
		{C988BB99-5A15-45C7-ADC2-7B84D39CCFC3}.Release|Any CPU.Build.0 = Release|Any CPU
		{B8EBDD8C-04CA-44F0-A7B4-4309BBCBC065}.Debug|Any CPU.ActiveCfg = Debug|Any CPU
		{B8EBDD8C-04CA-44F0-A7B4-4309BBCBC065}.Debug|Any CPU.Build.0 = Debug|Any CPU
		{B8EBDD8C-04CA-44F0-A7B4-4309BBCBC065}.Release|Any CPU.ActiveCfg = Release|Any CPU
		{B8EBDD8C-04CA-44F0-A7B4-4309BBCBC065}.Release|Any CPU.Build.0 = Release|Any CPU
		{F99815F9-16C4-43C1-B701-B5C5688ACBBE}.Debug|Any CPU.ActiveCfg = Debug|Any CPU
		{F99815F9-16C4-43C1-B701-B5C5688ACBBE}.Debug|Any CPU.Build.0 = Debug|Any CPU
		{F99815F9-16C4-43C1-B701-B5C5688ACBBE}.Release|Any CPU.ActiveCfg = Release|Any CPU
		{F99815F9-16C4-43C1-B701-B5C5688ACBBE}.Release|Any CPU.Build.0 = Release|Any CPU
		{6301E850-38C5-44BE-B51C-968FC6428B5C}.Debug|Any CPU.ActiveCfg = Debug|Any CPU
		{6301E850-38C5-44BE-B51C-968FC6428B5C}.Debug|Any CPU.Build.0 = Debug|Any CPU
		{6301E850-38C5-44BE-B51C-968FC6428B5C}.Release|Any CPU.ActiveCfg = Release|Any CPU
		{6301E850-38C5-44BE-B51C-968FC6428B5C}.Release|Any CPU.Build.0 = Release|Any CPU
		{56F0AA8C-AA37-4FAA-9AA9-37396062DB80}.Debug|Any CPU.ActiveCfg = Debug|Any CPU
		{56F0AA8C-AA37-4FAA-9AA9-37396062DB80}.Debug|Any CPU.Build.0 = Debug|Any CPU
		{56F0AA8C-AA37-4FAA-9AA9-37396062DB80}.Release|Any CPU.ActiveCfg = Release|Any CPU
		{56F0AA8C-AA37-4FAA-9AA9-37396062DB80}.Release|Any CPU.Build.0 = Release|Any CPU
		{71DD706B-A941-4C60-A694-B72CA0DAF70C}.Debug|Any CPU.ActiveCfg = Debug|Any CPU
		{71DD706B-A941-4C60-A694-B72CA0DAF70C}.Debug|Any CPU.Build.0 = Debug|Any CPU
		{71DD706B-A941-4C60-A694-B72CA0DAF70C}.Release|Any CPU.ActiveCfg = Release|Any CPU
		{71DD706B-A941-4C60-A694-B72CA0DAF70C}.Release|Any CPU.Build.0 = Release|Any CPU
		{83173137-8CE5-4A71-826A-36B43C42D362}.Debug|Any CPU.ActiveCfg = Debug|Any CPU
		{83173137-8CE5-4A71-826A-36B43C42D362}.Debug|Any CPU.Build.0 = Debug|Any CPU
		{83173137-8CE5-4A71-826A-36B43C42D362}.Release|Any CPU.ActiveCfg = Release|Any CPU
		{83173137-8CE5-4A71-826A-36B43C42D362}.Release|Any CPU.Build.0 = Release|Any CPU
		{A4D83E8B-CBF1-4101-88ED-12DD035D5A39}.Debug|Any CPU.ActiveCfg = Debug|Any CPU
		{A4D83E8B-CBF1-4101-88ED-12DD035D5A39}.Debug|Any CPU.Build.0 = Debug|Any CPU
		{A4D83E8B-CBF1-4101-88ED-12DD035D5A39}.Release|Any CPU.ActiveCfg = Release|Any CPU
		{A4D83E8B-CBF1-4101-88ED-12DD035D5A39}.Release|Any CPU.Build.0 = Release|Any CPU
		{7DEDE44B-63B3-4FBF-97A5-B3D85AF85F92}.Debug|Any CPU.ActiveCfg = Debug|Any CPU
		{7DEDE44B-63B3-4FBF-97A5-B3D85AF85F92}.Debug|Any CPU.Build.0 = Debug|Any CPU
		{7DEDE44B-63B3-4FBF-97A5-B3D85AF85F92}.Release|Any CPU.ActiveCfg = Release|Any CPU
		{7DEDE44B-63B3-4FBF-97A5-B3D85AF85F92}.Release|Any CPU.Build.0 = Release|Any CPU
		{283BD2C6-0607-4679-809B-4D77E842C5B6}.Debug|Any CPU.ActiveCfg = Debug|Any CPU
		{283BD2C6-0607-4679-809B-4D77E842C5B6}.Debug|Any CPU.Build.0 = Debug|Any CPU
		{283BD2C6-0607-4679-809B-4D77E842C5B6}.Release|Any CPU.ActiveCfg = Release|Any CPU
		{283BD2C6-0607-4679-809B-4D77E842C5B6}.Release|Any CPU.Build.0 = Release|Any CPU
		{D45BFDD5-FB91-4746-B6DC-8AB184042036}.Debug|Any CPU.ActiveCfg = Debug|Any CPU
		{D45BFDD5-FB91-4746-B6DC-8AB184042036}.Debug|Any CPU.Build.0 = Debug|Any CPU
		{D45BFDD5-FB91-4746-B6DC-8AB184042036}.Release|Any CPU.ActiveCfg = Release|Any CPU
		{D45BFDD5-FB91-4746-B6DC-8AB184042036}.Release|Any CPU.Build.0 = Release|Any CPU
		{41984A2E-BC5C-4D35-84A2-33F39C8CDD60}.Debug|Any CPU.ActiveCfg = Debug|Any CPU
		{41984A2E-BC5C-4D35-84A2-33F39C8CDD60}.Debug|Any CPU.Build.0 = Debug|Any CPU
		{41984A2E-BC5C-4D35-84A2-33F39C8CDD60}.Release|Any CPU.ActiveCfg = Release|Any CPU
		{41984A2E-BC5C-4D35-84A2-33F39C8CDD60}.Release|Any CPU.Build.0 = Release|Any CPU
		{3F6716F0-5E16-408C-8D0E-40EAF8CF928B}.Debug|Any CPU.ActiveCfg = Debug|Any CPU
		{3F6716F0-5E16-408C-8D0E-40EAF8CF928B}.Debug|Any CPU.Build.0 = Debug|Any CPU
		{3F6716F0-5E16-408C-8D0E-40EAF8CF928B}.Release|Any CPU.ActiveCfg = Release|Any CPU
		{3F6716F0-5E16-408C-8D0E-40EAF8CF928B}.Release|Any CPU.Build.0 = Release|Any CPU
		{24DEFE50-0922-4C21-AEF3-9AEF12E538EF}.Debug|Any CPU.ActiveCfg = Debug|Any CPU
		{24DEFE50-0922-4C21-AEF3-9AEF12E538EF}.Debug|Any CPU.Build.0 = Debug|Any CPU
		{24DEFE50-0922-4C21-AEF3-9AEF12E538EF}.Release|Any CPU.ActiveCfg = Release|Any CPU
		{24DEFE50-0922-4C21-AEF3-9AEF12E538EF}.Release|Any CPU.Build.0 = Release|Any CPU
		{4FCFB0D3-7395-47E6-AF1A-873AA9B681BF}.Debug|Any CPU.ActiveCfg = Debug|Any CPU
		{4FCFB0D3-7395-47E6-AF1A-873AA9B681BF}.Debug|Any CPU.Build.0 = Debug|Any CPU
		{4FCFB0D3-7395-47E6-AF1A-873AA9B681BF}.Release|Any CPU.ActiveCfg = Release|Any CPU
		{4FCFB0D3-7395-47E6-AF1A-873AA9B681BF}.Release|Any CPU.Build.0 = Release|Any CPU
		{88BCFC78-A02B-47D8-8FD7-8721F9D652BD}.Debug|Any CPU.ActiveCfg = Debug|Any CPU
		{88BCFC78-A02B-47D8-8FD7-8721F9D652BD}.Debug|Any CPU.Build.0 = Debug|Any CPU
		{88BCFC78-A02B-47D8-8FD7-8721F9D652BD}.Release|Any CPU.ActiveCfg = Release|Any CPU
		{88BCFC78-A02B-47D8-8FD7-8721F9D652BD}.Release|Any CPU.Build.0 = Release|Any CPU
		{132027B8-2EFB-46F5-9183-7F3EB753FA53}.Debug|Any CPU.ActiveCfg = Debug|Any CPU
		{132027B8-2EFB-46F5-9183-7F3EB753FA53}.Debug|Any CPU.Build.0 = Debug|Any CPU
		{132027B8-2EFB-46F5-9183-7F3EB753FA53}.Release|Any CPU.ActiveCfg = Release|Any CPU
		{132027B8-2EFB-46F5-9183-7F3EB753FA53}.Release|Any CPU.Build.0 = Release|Any CPU
		{C37ED73C-ED85-4ADD-B8C8-88B1843FB052}.Debug|Any CPU.ActiveCfg = Debug|Any CPU
		{C37ED73C-ED85-4ADD-B8C8-88B1843FB052}.Debug|Any CPU.Build.0 = Debug|Any CPU
		{C37ED73C-ED85-4ADD-B8C8-88B1843FB052}.Release|Any CPU.ActiveCfg = Release|Any CPU
		{C37ED73C-ED85-4ADD-B8C8-88B1843FB052}.Release|Any CPU.Build.0 = Release|Any CPU
	EndGlobalSection
	GlobalSection(SolutionProperties) = preSolution
		HideSolutionNode = FALSE
	EndGlobalSection
	GlobalSection(ExtensibilityGlobals) = postSolution
		SolutionGuid = {F3820947-9C58-4CE9-8D21-8EFE94B79F24}
	EndGlobalSection
EndGlobal
